type: object
name: ImageBlock
label: Image
labelField: elementId
fieldGroups:
  - name: settings
    label: Settings
fields:
  - name: image
    type: model
    label: Image
    models:
      - Image
  - name: caption
    type: string
    label: Caption
    description: The caption of the image
    default: Caption of the image
  - name: elementId
    type: string
    group: settings
    label: Element ID
    description: The unique ID for an HTML element, must not contain whitespace
    default: ''
  - name: styles
    type: style
    styles:
      self:
        opacity: '*'
    default:
      self:
        opacity: 100
