type: object
name: TextBlock
label: Text block
groups:
  - blockComponent
fieldGroups:
  - name: styles
    label: Styles
  - name: settings
    label: Settings
fields:
  - name: content
    type: markdown
    label: Text
    default: |-
      Sed ut perspiciatis unde omnis iste natus error sit voluptatem accusantium
      doloremque laudantium, totam rem aperiam. Eaque ipsa quae ab illo
      inventore veritatis et quasi architecto beatae vitae dicta sunt explicabo.
      Sed ut perspiciatis undeomnis iste natus error sit voluptatem accusantium
      doloremque laudantium, totam rem aperiam. Eaque ipsa quae ab illo
      inventore veritatis et quasi architecto beatae vitae dicta sunt explicabo.
  - name: styles
    type: style
    styles:
      self:
        width: ['narrow', 'wide', 'full']
        margin: ['tw0:96']
        padding: ['tw0:96']
        textAlign: ['left', 'center', 'right', 'justify']
    default:
      self:
        width: narrow
        margin: ['mt-0', 'mb-0', 'ml-0', 'mr-0']
        padding: ['pt-12', 'pb-12', 'pl-4', 'pr-4']
        textAlign: left
